
Microsoft Visual Studio Solution File, Format Version 12.00
# Visual Studio Version 17
VisualStudioVersion = 17.4.33110.190
MinimumVisualStudioVersion = 10.0.40219.1
Project("{9A19103F-16F7-4668-BE54-9A1E7A4F7556}") = "TreetopTreeHouse", "TreetopTreeHouse\TreetopTreeHouse.csproj", "{CFF56C07-4F88-493E-BC9B-78271075846A}"
EndProject
Project("{FAE04EC0-301F-11D3-BF4B-00C04F79EFBC}") = "TreetopTreeHouse.Tests", "TreetopTreeHouse.Tests\TreetopTreeHouse.Tests.csproj", "{1D95520A-1348-4CAE-ADE2-D6B62D810987}"
EndProject
Global
	GlobalSection(SolutionConfigurationPlatforms) = preSolution
		Debug|Any CPU = Debug|Any CPU
		Release|Any CPU = Release|Any CPU
	EndGlobalSection
	GlobalSection(ProjectConfigurationPlatforms) = postSolution
		{CFF56C07-4F88-493E-BC9B-78271075846A}.Debug|Any CPU.ActiveCfg = Debug|Any CPU
		{CFF56C07-4F88-493E-BC9B-78271075846A}.Debug|Any CPU.Build.0 = Debug|Any CPU
		{CFF56C07-4F88-493E-BC9B-78271075846A}.Release|Any CPU.ActiveCfg = Release|Any CPU
		{CFF56C07-4F88-493E-BC9B-78271075846A}.Release|Any CPU.Build.0 = Release|Any CPU
		{1D95520A-1348-4CAE-ADE2-D6B62D810987}.Debug|Any CPU.ActiveCfg = Debug|Any CPU
		{1D95520A-1348-4CAE-ADE2-D6B62D810987}.Debug|Any CPU.Build.0 = Debug|Any CPU
		{1D95520A-1348-4CAE-ADE2-D6B62D810987}.Release|Any CPU.ActiveCfg = Release|Any CPU
		{1D95520A-1348-4CAE-ADE2-D6B62D810987}.Release|Any CPU.Build.0 = Release|Any CPU
	EndGlobalSection
	GlobalSection(SolutionProperties) = preSolution
		HideSolutionNode = FALSE
	EndGlobalSection
	GlobalSection(ExtensibilityGlobals) = postSolution
		SolutionGuid = {D4F20FB3-44AD-4432-84AD-35A5C539025E}
	EndGlobalSection
EndGlobal
